
Microsoft Visual Studio Solution File, Format Version 12.00
# Visual Studio 14
VisualStudioVersion = 14.0.25420.1
MinimumVisualStudioVersion = 10.0.40219.1
Project("{151D2E53-A2C4-4D7D-83FE-D05416EBD58E}") = "ARMSampleFourVMs", "ARMSampleFourVMs\ARMSampleFourVMs.deployproj", "{742394F3-B3E2-4A53-8054-4C5F028F15BC}"
EndProject
Global
	GlobalSection(SolutionConfigurationPlatforms) = preSolution
		Debug|Any CPU = Debug|Any CPU
		Release|Any CPU = Release|Any CPU
	EndGlobalSection
	GlobalSection(ProjectConfigurationPlatforms) = postSolution
		{742394F3-B3E2-4A53-8054-4C5F028F15BC}.Debug|Any CPU.ActiveCfg = Debug|Any CPU
		{742394F3-B3E2-4A53-8054-4C5F028F15BC}.Debug|Any CPU.Build.0 = Debug|Any CPU
		{742394F3-B3E2-4A53-8054-4C5F028F15BC}.Release|Any CPU.ActiveCfg = Release|Any CPU
		{742394F3-B3E2-4A53-8054-4C5F028F15BC}.Release|Any CPU.Build.0 = Release|Any CPU
	EndGlobalSection
	GlobalSection(SolutionProperties) = preSolution
		HideSolutionNode = FALSE
	EndGlobalSection
EndGlobal
